
Microsoft Visual Studio Solution File, Format Version 12.00
# Visual Studio Version 16
VisualStudioVersion = 16.0.31205.134
MinimumVisualStudioVersion = 10.0.40219.1
Project("{9A19103F-16F7-4668-BE54-9A1E7A4F7556}") = "CustomControls", "CustomControls\CustomControls.csproj", "{794B068C-932A-45FE-9EC8-DCB9BFC468F4}"
EndProject
Project("{9A19103F-16F7-4668-BE54-9A1E7A4F7556}") = "CustomControlTestShow", "CustomControlTestShow\CustomControlTestShow.csproj", "{D73824B6-B368-449E-8E85-1C56BC8FA72F}"
EndProject
Project("{FAE04EC0-301F-11D3-BF4B-00C04F79EFBC}") = "CustomControls.Elements", "CustomControls.Elements\CustomControls.Elements.csproj", "{AB51F15F-04BB-4DFC-8B0D-DFC676B31481}"
EndProject
Global
	GlobalSection(SolutionConfigurationPlatforms) = preSolution
		Debug|Any CPU = Debug|Any CPU
		Release|Any CPU = Release|Any CPU
	EndGlobalSection
	GlobalSection(ProjectConfigurationPlatforms) = postSolution
		{794B068C-932A-45FE-9EC8-DCB9BFC468F4}.Debug|Any CPU.ActiveCfg = Debug|Any CPU
		{794B068C-932A-45FE-9EC8-DCB9BFC468F4}.Debug|Any CPU.Build.0 = Debug|Any CPU
		{794B068C-932A-45FE-9EC8-DCB9BFC468F4}.Release|Any CPU.ActiveCfg = Release|Any CPU
		{794B068C-932A-45FE-9EC8-DCB9BFC468F4}.Release|Any CPU.Build.0 = Release|Any CPU
		{D73824B6-B368-449E-8E85-1C56BC8FA72F}.Debug|Any CPU.ActiveCfg = Debug|Any CPU
		{D73824B6-B368-449E-8E85-1C56BC8FA72F}.Debug|Any CPU.Build.0 = Debug|Any CPU
		{D73824B6-B368-449E-8E85-1C56BC8FA72F}.Release|Any CPU.ActiveCfg = Release|Any CPU
		{D73824B6-B368-449E-8E85-1C56BC8FA72F}.Release|Any CPU.Build.0 = Release|Any CPU
		{AB51F15F-04BB-4DFC-8B0D-DFC676B31481}.Debug|Any CPU.ActiveCfg = Debug|Any CPU
		{AB51F15F-04BB-4DFC-8B0D-DFC676B31481}.Debug|Any CPU.Build.0 = Debug|Any CPU
		{AB51F15F-04BB-4DFC-8B0D-DFC676B31481}.Release|Any CPU.ActiveCfg = Release|Any CPU
		{AB51F15F-04BB-4DFC-8B0D-DFC676B31481}.Release|Any CPU.Build.0 = Release|Any CPU
	EndGlobalSection
	GlobalSection(SolutionProperties) = preSolution
		HideSolutionNode = FALSE
	EndGlobalSection
	GlobalSection(ExtensibilityGlobals) = postSolution
		SolutionGuid = {F7FF0B13-CE52-4ED9-B7D3-29F8BD2F0A54}
	EndGlobalSection
EndGlobal
